
Microsoft Visual Studio Solution File, Format Version 12.00
# Visual Studio Version 17
VisualStudioVersion = 17.14.36616.10 d17.14
MinimumVisualStudioVersion = 10.0.40219.1
Project("{FAE04EC0-301F-11D3-BF4B-00C04F79EFBC}") = "ProyectoDeProgramacion2", "ProyectoDeProgramacion2\ProyectoDeProgramacion2.csproj", "{C32C2EB8-EC60-49C2-B56A-EF276B0B280F}"
EndProject
Project("{FAE04EC0-301F-11D3-BF4B-00C04F79EFBC}") = "CapaDatos", "CapaDatos\CapaDatos.csproj", "{317CC00B-2B91-4B98-87CF-5057325A1659}"
EndProject
Global
	GlobalSection(SolutionConfigurationPlatforms) = preSolution
		Debug|Any CPU = Debug|Any CPU
		Release|Any CPU = Release|Any CPU
	EndGlobalSection
	GlobalSection(ProjectConfigurationPlatforms) = postSolution
		{C32C2EB8-EC60-49C2-B56A-EF276B0B280F}.Debug|Any CPU.ActiveCfg = Debug|Any CPU
		{C32C2EB8-EC60-49C2-B56A-EF276B0B280F}.Debug|Any CPU.Build.0 = Debug|Any CPU
		{C32C2EB8-EC60-49C2-B56A-EF276B0B280F}.Release|Any CPU.ActiveCfg = Release|Any CPU
		{C32C2EB8-EC60-49C2-B56A-EF276B0B280F}.Release|Any CPU.Build.0 = Release|Any CPU
		{317CC00B-2B91-4B98-87CF-5057325A1659}.Debug|Any CPU.ActiveCfg = Debug|Any CPU
		{317CC00B-2B91-4B98-87CF-5057325A1659}.Debug|Any CPU.Build.0 = Debug|Any CPU
		{317CC00B-2B91-4B98-87CF-5057325A1659}.Release|Any CPU.ActiveCfg = Release|Any CPU
		{317CC00B-2B91-4B98-87CF-5057325A1659}.Release|Any CPU.Build.0 = Release|Any CPU
	EndGlobalSection
	GlobalSection(SolutionProperties) = preSolution
		HideSolutionNode = FALSE
	EndGlobalSection
	GlobalSection(ExtensibilityGlobals) = postSolution
		SolutionGuid = {368AE1B8-B66B-4DEA-935E-964D2D2BD26E}
	EndGlobalSection
EndGlobal
